// !$*UTF8*$!
{
	archiveVersion = 1;
	classes = {
	};
	objectVersion = 56;
	objects = {

/* Begin PBXBuildFile section */
		5F3AC1522A298ECF00623B69 /* NetworkingWithLoLAPIApp.swift in Sources */ = {isa = PBXBuildFile; fileRef = 5F3AC1512A298ECF00623B69 /* NetworkingWithLoLAPIApp.swift */; };
		5F3AC1542A298ECF00623B69 /* ContentView.swift in Sources */ = {isa = PBXBuildFile; fileRef = 5F3AC1532A298ECF00623B69 /* ContentView.swift */; };
		5F3AC1562A298ED100623B69 /* Assets.xcassets in Resources */ = {isa = PBXBuildFile; fileRef = 5F3AC1552A298ED100623B69 /* Assets.xcassets */; };
		5F3AC15A2A298ED100623B69 /* Preview Assets.xcassets in Resources */ = {isa = PBXBuildFile; fileRef = 5F3AC1592A298ED100623B69 /* Preview Assets.xcassets */; };
		5F3AC1642A299A6A00623B69 /* SummonerDataModel.swift in Sources */ = {isa = PBXBuildFile; fileRef = 5F3AC1632A299A6A00623B69 /* SummonerDataModel.swift */; };
		5F3AC1712A29EF0300623B69 /* SummonerViewModel.swift in Sources */ = {isa = PBXBuildFile; fileRef = 5F3AC1702A29EF0300623B69 /* SummonerViewModel.swift */; };
		5F3AC1732A29F2AA00623B69 /* SummonerProfileView.swift in Sources */ = {isa = PBXBuildFile; fileRef = 5F3AC1722A29F2AA00623B69 /* SummonerProfileView.swift */; };
		5F3AC1752A2D78F300623B69 /* SummonerRankView .swift in Sources */ = {isa = PBXBuildFile; fileRef = 5F3AC1742A2D78F300623B69 /* SummonerRankView .swift */; };
		5F3AC17D2A31C0C000623B69 /* MyProfileInfoView.swift in Sources */ = {isa = PBXBuildFile; fileRef = 5F3AC17C2A31C0C000623B69 /* MyProfileInfoView.swift */; };
/* End PBXBuildFile section */

/* Begin PBXFileReference section */
		5F3AC14E2A298ECF00623B69 /* NetworkingWithLoLAPI.app */ = {isa = PBXFileReference; explicitFileType = wrapper.application; includeInIndex = 0; path = NetworkingWithLoLAPI.app; sourceTree = BUILT_PRODUCTS_DIR; };
		5F3AC1512A298ECF00623B69 /* NetworkingWithLoLAPIApp.swift */ = {isa = PBXFileReference; lastKnownFileType = sourcecode.swift; path = NetworkingWithLoLAPIApp.swift; sourceTree = "<group>"; };
		5F3AC1532A298ECF00623B69 /* ContentView.swift */ = {isa = PBXFileReference; lastKnownFileType = sourcecode.swift; path = ContentView.swift; sourceTree = "<group>"; };
		5F3AC1552A298ED100623B69 /* Assets.xcassets */ = {isa = PBXFileReference; lastKnownFileType = folder.assetcatalog; path = Assets.xcassets; sourceTree = "<group>"; };
		5F3AC1572A298ED100623B69 /* NetworkingWithLoLAPI.entitlements */ = {isa = PBXFileReference; lastKnownFileType = text.plist.entitlements; path = NetworkingWithLoLAPI.entitlements; sourceTree = "<group>"; };
		5F3AC1592A298ED100623B69 /* Preview Assets.xcassets */ = {isa = PBXFileReference; lastKnownFileType = folder.assetcatalog; path = "Preview Assets.xcassets"; sourceTree = "<group>"; };
		5F3AC1632A299A6A00623B69 /* SummonerDataModel.swift */ = {isa = PBXFileReference; lastKnownFileType = sourcecode.swift; path = SummonerDataModel.swift; sourceTree = "<group>"; };
		5F3AC16D2A29C83E00623B69 /* Info.plist */ = {isa = PBXFileReference; lastKnownFileType = text.plist; path = Info.plist; sourceTree = "<group>"; };
		5F3AC16E2A29D1BC00623B69 /* Config.xcconfig */ = {isa = PBXFileReference; lastKnownFileType = text.xcconfig; path = Config.xcconfig; sourceTree = "<group>"; };
		5F3AC1702A29EF0300623B69 /* SummonerViewModel.swift */ = {isa = PBXFileReference; lastKnownFileType = sourcecode.swift; name = SummonerViewModel.swift; path = NetworkingWithLoLAPI/ViewModel/SummonerViewModel.swift; sourceTree = SOURCE_ROOT; };
		5F3AC1722A29F2AA00623B69 /* SummonerProfileView.swift */ = {isa = PBXFileReference; lastKnownFileType = sourcecode.swift; path = SummonerProfileView.swift; sourceTree = "<group>"; };
		5F3AC1742A2D78F300623B69 /* SummonerRankView .swift */ = {isa = PBXFileReference; lastKnownFileType = sourcecode.swift; path = "SummonerRankView .swift"; sourceTree = "<group>"; };
		5F3AC17C2A31C0C000623B69 /* MyProfileInfoView.swift */ = {isa = PBXFileReference; lastKnownFileType = sourcecode.swift; path = MyProfileInfoView.swift; sourceTree = "<group>"; };
/* End PBXFileReference section */

/* Begin PBXFrameworksBuildPhase section */
		5F3AC14B2A298ECF00623B69 /* Frameworks */ = {
			isa = PBXFrameworksBuildPhase;
			buildActionMask = 2147483647;
			files = (
			);
			runOnlyForDeploymentPostprocessing = 0;
		};
/* End PBXFrameworksBuildPhase section */

/* Begin PBXGroup section */
		5F3AC1452A298ECF00623B69 = {
			isa = PBXGroup;
			children = (
				5F3AC1502A298ECF00623B69 /* NetworkingWithLoLAPI */,
				5F3AC14F2A298ECF00623B69 /* Products */,
			);
			sourceTree = "<group>";
		};
		5F3AC14F2A298ECF00623B69 /* Products */ = {
			isa = PBXGroup;
			children = (
				5F3AC14E2A298ECF00623B69 /* NetworkingWithLoLAPI.app */,
			);
			name = Products;
			sourceTree = "<group>";
		};
		5F3AC1502A298ECF00623B69 /* NetworkingWithLoLAPI */ = {
			isa = PBXGroup;
			children = (
				5F3AC1512A298ECF00623B69 /* NetworkingWithLoLAPIApp.swift */,
				5F3AC16D2A29C83E00623B69 /* Info.plist */,
				5F3AC16F2A29E12C00623B69 /* ViewModel */,
				5F3AC1692A29C56000623B69 /* View */,
				5F3AC1672A29C55A00623B69 /* Model */,
				5F3AC1552A298ED100623B69 /* Assets.xcassets */,
				5F3AC1572A298ED100623B69 /* NetworkingWithLoLAPI.entitlements */,
				5F3AC16E2A29D1BC00623B69 /* Config.xcconfig */,
				5F3AC1582A298ED100623B69 /* Preview Content */,
			);
			path = NetworkingWithLoLAPI;
			sourceTree = "<group>";
		};
		5F3AC1582A298ED100623B69 /* Preview Content */ = {
			isa = PBXGroup;
			children = (
				5F3AC1592A298ED100623B69 /* Preview Assets.xcassets */,
			);
			path = "Preview Content";
			sourceTree = "<group>";
		};
		5F3AC1672A29C55A00623B69 /* Model */ = {
			isa = PBXGroup;
			children = (
				5F3AC1632A299A6A00623B69 /* SummonerDataModel.swift */,
			);
			path = Model;
			sourceTree = "<group>";
		};
		5F3AC1692A29C56000623B69 /* View */ = {
			isa = PBXGroup;
			children = (
				5F3AC1532A298ECF00623B69 /* ContentView.swift */,
				5F3AC17C2A31C0C000623B69 /* MyProfileInfoView.swift */,
				5F3AC1722A29F2AA00623B69 /* SummonerProfileView.swift */,
				5F3AC1742A2D78F300623B69 /* SummonerRankView .swift */,
			);
			path = View;
			sourceTree = "<group>";
		};
		5F3AC16F2A29E12C00623B69 /* ViewModel */ = {
			isa = PBXGroup;
			children = (
				5F3AC1702A29EF0300623B69 /* SummonerViewModel.swift */,
			);
			path = ViewModel;
			sourceTree = "<group>";
		};
/* End PBXGroup section */

/* Begin PBXNativeTarget section */
		5F3AC14D2A298ECF00623B69 /* NetworkingWithLoLAPI */ = {
			isa = PBXNativeTarget;
			buildConfigurationList = 5F3AC15D2A298ED100623B69 /* Build configuration list for PBXNativeTarget "NetworkingWithLoLAPI" */;
			buildPhases = (
				5F3AC14A2A298ECF00623B69 /* Sources */,
				5F3AC14B2A298ECF00623B69 /* Frameworks */,
				5F3AC14C2A298ECF00623B69 /* Resources */,
			);
			buildRules = (
			);
			dependencies = (
			);
			name = NetworkingWithLoLAPI;
			productName = NetworkingWithLoLAPI;
			productReference = 5F3AC14E2A298ECF00623B69 /* NetworkingWithLoLAPI.app */;
			productType = "com.apple.product-type.application";
		};
/* End PBXNativeTarget section */

/* Begin PBXProject section */
		5F3AC1462A298ECF00623B69 /* Project object */ = {
			isa = PBXProject;
			attributes = {
				BuildIndependentTargetsInParallel = 1;
				LastSwiftUpdateCheck = 1430;
				LastUpgradeCheck = 1430;
				TargetAttributes = {
					5F3AC14D2A298ECF00623B69 = {
						CreatedOnToolsVersion = 14.3;
					};
				};
			};
			buildConfigurationList = 5F3AC1492A298ECF00623B69 /* Build configuration list for PBXProject "NetworkingWithLoLAPI" */;
			compatibilityVersion = "Xcode 14.0";
			developmentRegion = en;
			hasScannedForEncodings = 0;
			knownRegions = (
				en,
				Base,
			);
			mainGroup = 5F3AC1452A298ECF00623B69;
			productRefGroup = 5F3AC14F2A298ECF00623B69 /* Products */;
			projectDirPath = "";
			projectRoot = "";
			targets = (
				5F3AC14D2A298ECF00623B69 /* NetworkingWithLoLAPI */,
			);
		};
/* End PBXProject section */

/* Begin PBXResourcesBuildPhase section */
		5F3AC14C2A298ECF00623B69 /* Resources */ = {
			isa = PBXResourcesBuildPhase;
			buildActionMask = 2147483647;
			files = (
				5F3AC15A2A298ED100623B69 /* Preview Assets.xcassets in Resources */,
				5F3AC1562A298ED100623B69 /* Assets.xcassets in Resources */,
			);
			runOnlyForDeploymentPostprocessing = 0;
		};
/* End PBXResourcesBuildPhase section */

/* Begin PBXSourcesBuildPhase section */
		5F3AC14A2A298ECF00623B69 /* Sources */ = {
			isa = PBXSourcesBuildPhase;
			buildActionMask = 2147483647;
			files = (
				5F3AC1712A29EF0300623B69 /* SummonerViewModel.swift in Sources */,
				5F3AC17D2A31C0C000623B69 /* MyProfileInfoView.swift in Sources */,
				5F3AC1752A2D78F300623B69 /* SummonerRankView .swift in Sources */,
				5F3AC1542A298ECF00623B69 /* ContentView.swift in Sources */,
				5F3AC1642A299A6A00623B69 /* SummonerDataModel.swift in Sources */,
				5F3AC1732A29F2AA00623B69 /* SummonerProfileView.swift in Sources */,
				5F3AC1522A298ECF00623B69 /* NetworkingWithLoLAPIApp.swift in Sources */,
			);
			runOnlyForDeploymentPostprocessing = 0;
		};
/* End PBXSourcesBuildPhase section */

/* Begin XCBuildConfiguration section */
		5F3AC15B2A298ED100623B69 /* Debug */ = {
			isa = XCBuildConfiguration;
			baseConfigurationReference = 5F3AC16E2A29D1BC00623B69 /* Config.xcconfig */;
			buildSettings = {
				ALWAYS_SEARCH_USER_PATHS = NO;
				CLANG_ANALYZER_NONNULL = YES;
				CLANG_ANALYZER_NUMBER_OBJECT_CONVERSION = YES_AGGRESSIVE;
				CLANG_CXX_LANGUAGE_STANDARD = "gnu++20";
				CLANG_ENABLE_MODULES = YES;
				CLANG_ENABLE_OBJC_ARC = YES;
				CLANG_ENABLE_OBJC_WEAK = YES;
				CLANG_WARN_BLOCK_CAPTURE_AUTORELEASING = YES;
				CLANG_WARN_BOOL_CONVERSION = YES;
				CLANG_WARN_COMMA = YES;
				CLANG_WARN_CONSTANT_CONVERSION = YES;
				CLANG_WARN_DEPRECATED_OBJC_IMPLEMENTATIONS = YES;
				CLANG_WARN_DIRECT_OBJC_ISA_USAGE = YES_ERROR;
				CLANG_WARN_DOCUMENTATION_COMMENTS = YES;
				CLANG_WARN_EMPTY_BODY = YES;
				CLANG_WARN_ENUM_CONVERSION = YES;
				CLANG_WARN_INFINITE_RECURSION = YES;
				CLANG_WARN_INT_CONVERSION = YES;
				CLANG_WARN_NON_LITERAL_NULL_CONVERSION = YES;
				CLANG_WARN_OBJC_IMPLICIT_RETAIN_SELF = YES;
				CLANG_WARN_OBJC_LITERAL_CONVERSION = YES;
				CLANG_WARN_OBJC_ROOT_CLASS = YES_ERROR;
				CLANG_WARN_QUOTED_INCLUDE_IN_FRAMEWORK_HEADER = YES;
				CLANG_WARN_RANGE_LOOP_ANALYSIS = YES;
				CLANG_WARN_STRICT_PROTOTYPES = YES;
				CLANG_WARN_SUSPICIOUS_MOVE = YES;
				CLANG_WARN_UNGUARDED_AVAILABILITY = YES_AGGRESSIVE;
				CLANG_WARN_UNREACHABLE_CODE = YES;
				CLANG_WARN__DUPLICATE_METHOD_MATCH = YES;
				COPY_PHASE_STRIP = NO;
				DEBUG_INFORMATION_FORMAT = dwarf;
				ENABLE_STRICT_OBJC_MSGSEND = YES;
				ENABLE_TESTABILITY = YES;
				GCC_C_LANGUAGE_STANDARD = gnu11;
				GCC_DYNAMIC_NO_PIC = NO;
				GCC_NO_COMMON_BLOCKS = YES;
				GCC_OPTIMIZATION_LEVEL = 0;
				GCC_PREPROCESSOR_DEFINITIONS = (
					"DEBUG=1",
					"$(inherited)",
				);
				GCC_WARN_64_TO_32_BIT_CONVERSION = YES;
				GCC_WARN_ABOUT_RETURN_TYPE = YES_ERROR;
				GCC_WARN_UNDECLARED_SELECTOR = YES;
				GCC_WARN_UNINITIALIZED_AUTOS = YES_AGGRESSIVE;
				GCC_WARN_UNUSED_FUNCTION = YES;
				GCC_WARN_UNUSED_VARIABLE = YES;
				MTL_ENABLE_DEBUG_INFO = INCLUDE_SOURCE;
				MTL_FAST_MATH = YES;
				ONLY_ACTIVE_ARCH = YES;
				SWIFT_ACTIVE_COMPILATION_CONDITIONS = DEBUG;
				SWIFT_OPTIMIZATION_LEVEL = "-Onone";
			};
			name = Debug;
		};
		5F3AC15C2A298ED100623B69 /* Release */ = {
			isa = XCBuildConfiguration;
			baseConfigurationReference = 5F3AC16E2A29D1BC00623B69 /* Config.xcconfig */;
			buildSettings = {
				ALWAYS_SEARCH_USER_PATHS = NO;
				CLANG_ANALYZER_NONNULL = YES;
				CLANG_ANALYZER_NUMBER_OBJECT_CONVERSION = YES_AGGRESSIVE;
				CLANG_CXX_LANGUAGE_STANDARD = "gnu++20";
				CLANG_ENABLE_MODULES = YES;
				CLANG_ENABLE_OBJC_ARC = YES;
				CLANG_ENABLE_OBJC_WEAK = YES;
				CLANG_WARN_BLOCK_CAPTURE_AUTORELEASING = YES;
				CLANG_WARN_BOOL_CONVERSION = YES;
				CLANG_WARN_COMMA = YES;
				CLANG_WARN_CONSTANT_CONVERSION = YES;
				CLANG_WARN_DEPRECATED_OBJC_IMPLEMENTATIONS = YES;
				CLANG_WARN_DIRECT_OBJC_ISA_USAGE = YES_ERROR;
				CLANG_WARN_DOCUMENTATION_COMMENTS = YES;
				CLANG_WARN_EMPTY_BODY = YES;
				CLANG_WARN_ENUM_CONVERSION = YES;
				CLANG_WARN_INFINITE_RECURSION = YES;
				CLANG_WARN_INT_CONVERSION = YES;
				CLANG_WARN_NON_LITERAL_NULL_CONVERSION = YES;
				CLANG_WARN_OBJC_IMPLICIT_RETAIN_SELF = YES;
				CLANG_WARN_OBJC_LITERAL_CONVERSION = YES;
				CLANG_WARN_OBJC_ROOT_CLASS = YES_ERROR;
				CLANG_WARN_QUOTED_INCLUDE_IN_FRAMEWORK_HEADER = YES;
				CLANG_WARN_RANGE_LOOP_ANALYSIS = YES;
				CLANG_WARN_STRICT_PROTOTYPES = YES;
				CLANG_WARN_SUSPICIOUS_MOVE = YES;
				CLANG_WARN_UNGUARDED_AVAILABILITY = YES_AGGRESSIVE;
				CLANG_WARN_UNREACHABLE_CODE = YES;
				CLANG_WARN__DUPLICATE_METHOD_MATCH = YES;
				COPY_PHASE_STRIP = NO;
				DEBUG_INFORMATION_FORMAT = "dwarf-with-dsym";
				ENABLE_NS_ASSERTIONS = NO;
				ENABLE_STRICT_OBJC_MSGSEND = YES;
				GCC_C_LANGUAGE_STANDARD = gnu11;
				GCC_NO_COMMON_BLOCKS = YES;
				GCC_WARN_64_TO_32_BIT_CONVERSION = YES;
				GCC_WARN_ABOUT_RETURN_TYPE = YES_ERROR;
				GCC_WARN_UNDECLARED_SELECTOR = YES;
				GCC_WARN_UNINITIALIZED_AUTOS = YES_AGGRESSIVE;
				GCC_WARN_UNUSED_FUNCTION = YES;
				GCC_WARN_UNUSED_VARIABLE = YES;
				MTL_ENABLE_DEBUG_INFO = NO;
				MTL_FAST_MATH = YES;
				SWIFT_COMPILATION_MODE = wholemodule;
				SWIFT_OPTIMIZATION_LEVEL = "-O";
			};
			name = Release;
		};
		5F3AC15E2A298ED100623B69 /* Debug */ = {
			isa = XCBuildConfiguration;
			baseConfigurationReference = 5F3AC16E2A29D1BC00623B69 /* Config.xcconfig */;
			buildSettings = {
				ASSETCATALOG_COMPILER_APPICON_NAME = AppIcon;
				ASSETCATALOG_COMPILER_GLOBAL_ACCENT_COLOR_NAME = AccentColor;
				CODE_SIGN_ENTITLEMENTS = NetworkingWithLoLAPI/NetworkingWithLoLAPI.entitlements;
				CODE_SIGN_STYLE = Automatic;
				CURRENT_PROJECT_VERSION = 1;
				DEVELOPMENT_ASSET_PATHS = "\"NetworkingWithLoLAPI/Preview Content\"";
				ENABLE_PREVIEWS = YES;
				GENERATE_INFOPLIST_FILE = YES;
				INFOPLIST_FILE = NetworkingWithLoLAPI/Info.plist;
				INFOPLIST_KEY_LSApplicationCategoryType = "";
				"INFOPLIST_KEY_UIApplicationSceneManifest_Generation[sdk=iphoneos*]" = YES;
				"INFOPLIST_KEY_UIApplicationSceneManifest_Generation[sdk=iphonesimulator*]" = YES;
				"INFOPLIST_KEY_UIApplicationSupportsIndirectInputEvents[sdk=iphoneos*]" = YES;
				"INFOPLIST_KEY_UIApplicationSupportsIndirectInputEvents[sdk=iphonesimulator*]" = YES;
				"INFOPLIST_KEY_UILaunchScreen_Generation[sdk=iphoneos*]" = YES;
				"INFOPLIST_KEY_UILaunchScreen_Generation[sdk=iphonesimulator*]" = YES;
				"INFOPLIST_KEY_UIStatusBarStyle[sdk=iphoneos*]" = UIStatusBarStyleDefault;
				"INFOPLIST_KEY_UIStatusBarStyle[sdk=iphonesimulator*]" = UIStatusBarStyleDefault;
				INFOPLIST_KEY_UISupportedInterfaceOrientations_iPad = "UIInterfaceOrientationPortrait UIInterfaceOrientationPortraitUpsideDown UIInterfaceOrientationLandscapeLeft UIInterfaceOrientationLandscapeRight";
				INFOPLIST_KEY_UISupportedInterfaceOrientations_iPhone = "UIInterfaceOrientationPortrait UIInterfaceOrientationLandscapeLeft UIInterfaceOrientationLandscapeRight";
				IPHONEOS_DEPLOYMENT_TARGET = 16.4;
				LD_RUNPATH_SEARCH_PATHS = "@executable_path/Frameworks";
				"LD_RUNPATH_SEARCH_PATHS[sdk=macosx*]" = "@executable_path/../Frameworks";
				MACOSX_DEPLOYMENT_TARGET = 13.1;
				MARKETING_VERSION = 1.0;
				PRODUCT_BUNDLE_IDENTIFIER = Yunwon.NetworkingWithLoLAPI;
				PRODUCT_NAME = "$(TARGET_NAME)";
				SDKROOT = auto;
				SUPPORTED_PLATFORMS = "iphoneos iphonesimulator";
				SUPPORTS_MACCATALYST = NO;
				SUPPORTS_MAC_DESIGNED_FOR_IPHONE_IPAD = NO;
				SWIFT_EMIT_LOC_STRINGS = YES;
				SWIFT_VERSION = 5.0;
				TARGETED_DEVICE_FAMILY = 1;
			};
			name = Debug;
		};
		5F3AC15F2A298ED100623B69 /* Release */ = {
			isa = XCBuildConfiguration;
			baseConfigurationReference = 5F3AC16E2A29D1BC00623B69 /* Config.xcconfig */;
			buildSettings = {
				ASSETCATALOG_COMPILER_APPICON_NAME = AppIcon;
				ASSETCATALOG_COMPILER_GLOBAL_ACCENT_COLOR_NAME = AccentColor;
				CODE_SIGN_ENTITLEMENTS = NetworkingWithLoLAPI/NetworkingWithLoLAPI.entitlements;
				CODE_SIGN_STYLE = Automatic;
				CURRENT_PROJECT_VERSION = 1;
				DEVELOPMENT_ASSET_PATHS = "\"NetworkingWithLoLAPI/Preview Content\"";
				ENABLE_PREVIEWS = YES;
				GENERATE_INFOPLIST_FILE = YES;
				INFOPLIST_FILE = NetworkingWithLoLAPI/Info.plist;
				INFOPLIST_KEY_LSApplicationCategoryType = "";
				"INFOPLIST_KEY_UIApplicationSceneManifest_Generation[sdk=iphoneos*]" = YES;
				"INFOPLIST_KEY_UIApplicationSceneManifest_Generation[sdk=iphonesimulator*]" = YES;
				"INFOPLIST_KEY_UIApplicationSupportsIndirectInputEvents[sdk=iphoneos*]" = YES;
				"INFOPLIST_KEY_UIApplicationSupportsIndirectInputEvents[sdk=iphonesimulator*]" = YES;
				"INFOPLIST_KEY_UILaunchScreen_Generation[sdk=iphoneos*]" = YES;
				"INFOPLIST_KEY_UILaunchScreen_Generation[sdk=iphonesimulator*]" = YES;
				"INFOPLIST_KEY_UIStatusBarStyle[sdk=iphoneos*]" = UIStatusBarStyleDefault;
				"INFOPLIST_KEY_UIStatusBarStyle[sdk=iphonesimulator*]" = UIStatusBarStyleDefault;
				INFOPLIST_KEY_UISupportedInterfaceOrientations_iPad = "UIInterfaceOrientationPortrait UIInterfaceOrientationPortraitUpsideDown UIInterfaceOrientationLandscapeLeft UIInterfaceOrientationLandscapeRight";
				INFOPLIST_KEY_UISupportedInterfaceOrientations_iPhone = "UIInterfaceOrientationPortrait UIInterfaceOrientationLandscapeLeft UIInterfaceOrientationLandscapeRight";
				IPHONEOS_DEPLOYMENT_TARGET = 16.4;
				LD_RUNPATH_SEARCH_PATHS = "@executable_path/Frameworks";
				"LD_RUNPATH_SEARCH_PATHS[sdk=macosx*]" = "@executable_path/../Frameworks";
				MACOSX_DEPLOYMENT_TARGET = 13.1;
				MARKETING_VERSION = 1.0;
				PRODUCT_BUNDLE_IDENTIFIER = Yunwon.NetworkingWithLoLAPI;
				PRODUCT_NAME = "$(TARGET_NAME)";
				SDKROOT = auto;
				SUPPORTED_PLATFORMS = "iphoneos iphonesimulator";
				SUPPORTS_MACCATALYST = NO;
				SUPPORTS_MAC_DESIGNED_FOR_IPHONE_IPAD = NO;
				SWIFT_EMIT_LOC_STRINGS = YES;
				SWIFT_VERSION = 5.0;
				TARGETED_DEVICE_FAMILY = 1;
			};
			name = Release;
		};
/* End XCBuildConfiguration section */

/* Begin XCConfigurationList section */
		5F3AC1492A298ECF00623B69 /* Build configuration list for PBXProject "NetworkingWithLoLAPI" */ = {
			isa = XCConfigurationList;
			buildConfigurations = (
				5F3AC15B2A298ED100623B69 /* Debug */,
				5F3AC15C2A298ED100623B69 /* Release */,
			);
			defaultConfigurationIsVisible = 0;
			defaultConfigurationName = Debug;
		};
		5F3AC15D2A298ED100623B69 /* Build configuration list for PBXNativeTarget "NetworkingWithLoLAPI" */ = {
			isa = XCConfigurationList;
			buildConfigurations = (
				5F3AC15E2A298ED100623B69 /* Debug */,
				5F3AC15F2A298ED100623B69 /* Release */,
			);
			defaultConfigurationIsVisible = 0;
			defaultConfigurationName = Debug;
		};
/* End XCConfigurationList section */
	};
	rootObject = 5F3AC1462A298ECF00623B69 /* Project object */;
}
